
Microsoft Visual Studio Solution File, Format Version 12.00
# Visual Studio Version 17
VisualStudioVersion = 17.13.35931.197
MinimumVisualStudioVersion = 10.0.40219.1
Project("{FAE04EC0-301F-11D3-BF4B-00C04F79EFBC}") = "MyProject", "MyProject\MyProject.csproj", "{92AD1117-3447-4D75-9C2D-B81D3531C9C0}"
EndProject
Global
	GlobalSection(SolutionConfigurationPlatforms) = preSolution
		Debug|Any CPU = Debug|Any CPU
		Release|Any CPU = Release|Any CPU
	EndGlobalSection
	GlobalSection(ProjectConfigurationPlatforms) = postSolution
		{92AD1117-3447-4D75-9C2D-B81D3531C9C0}.Debug|Any CPU.ActiveCfg = Debug|Any CPU
		{92AD1117-3447-4D75-9C2D-B81D3531C9C0}.Debug|Any CPU.Build.0 = Debug|Any CPU
		{92AD1117-3447-4D75-9C2D-B81D3531C9C0}.Release|Any CPU.ActiveCfg = Release|Any CPU
		{92AD1117-3447-4D75-9C2D-B81D3531C9C0}.Release|Any CPU.Build.0 = Release|Any CPU
	EndGlobalSection
	GlobalSection(SolutionProperties) = preSolution
		HideSolutionNode = FALSE
	EndGlobalSection
	GlobalSection(ExtensibilityGlobals) = postSolution
		SolutionGuid = {6A58839D-AC65-40BF-ACED-CF7045A42D00}
	EndGlobalSection
EndGlobal
